
Microsoft Visual Studio Solution File, Format Version 12.00
# Visual Studio Version 17
VisualStudioVersion = 17.0.31912.275
MinimumVisualStudioVersion = 10.0.40219.1
Project("{FAE04EC0-301F-11D3-BF4B-00C04F79EFBC}") = "Thread", "Thread\Thread.csproj", "{8632C632-0CD9-45DE-87F7-03907B3C61EB}"
EndProject
Global
	GlobalSection(SolutionConfigurationPlatforms) = preSolution
		Debug|Any CPU = Debug|Any CPU
		Release|Any CPU = Release|Any CPU
	EndGlobalSection
	GlobalSection(ProjectConfigurationPlatforms) = postSolution
		{8632C632-0CD9-45DE-87F7-03907B3C61EB}.Debug|Any CPU.ActiveCfg = Debug|Any CPU
		{8632C632-0CD9-45DE-87F7-03907B3C61EB}.Debug|Any CPU.Build.0 = Debug|Any CPU
		{8632C632-0CD9-45DE-87F7-03907B3C61EB}.Release|Any CPU.ActiveCfg = Release|Any CPU
		{8632C632-0CD9-45DE-87F7-03907B3C61EB}.Release|Any CPU.Build.0 = Release|Any CPU
	EndGlobalSection
	GlobalSection(SolutionProperties) = preSolution
		HideSolutionNode = FALSE
	EndGlobalSection
	GlobalSection(ExtensibilityGlobals) = postSolution
		SolutionGuid = {53113594-7818-4BB5-AE2A-441196895D7F}
	EndGlobalSection
EndGlobal
